// !$*UTF8*$!
{
	archiveVersion = 1;
	classes = {
	};
	objectVersion = 51;
	objects = {

/* Begin PBXBuildFile section */
		65D8C1CE126ACCAC6D301F2F /* Pods_RiverIsland.framework in Frameworks */ = {isa = PBXBuildFile; fileRef = AED160BDBE660DBA66AF57D4 /* Pods_RiverIsland.framework */; };
		B5779F7D24FD34C500477823 /* AppDelegate.swift in Sources */ = {isa = PBXBuildFile; fileRef = B5779F7C24FD34C500477823 /* AppDelegate.swift */; };
		B5779F7F24FD34C500477823 /* SceneDelegate.swift in Sources */ = {isa = PBXBuildFile; fileRef = B5779F7E24FD34C500477823 /* SceneDelegate.swift */; };
		B5779F8124FD34C500477823 /* ViewController.swift in Sources */ = {isa = PBXBuildFile; fileRef = B5779F8024FD34C500477823 /* ViewController.swift */; };
		B5779F8424FD34C500477823 /* Main.storyboard in Resources */ = {isa = PBXBuildFile; fileRef = B5779F8224FD34C500477823 /* Main.storyboard */; };
		B5779F8924FD34C800477823 /* LaunchScreen.storyboard in Resources */ = {isa = PBXBuildFile; fileRef = B5779F8724FD34C800477823 /* LaunchScreen.storyboard */; };
		B5779FAE24FD350D00477823 /* LoginScreen.swift in Sources */ = {isa = PBXBuildFile; fileRef = B5779FAD24FD350D00477823 /* LoginScreen.swift */; };
		B5779FB124FD388300477823 /* UIVIew+Extensions.swift in Sources */ = {isa = PBXBuildFile; fileRef = B5779FB024FD388300477823 /* UIVIew+Extensions.swift */; };
		B5779FB524FD415400477823 /* Assets.xcassets in Resources */ = {isa = PBXBuildFile; fileRef = B5779FB424FD415400477823 /* Assets.xcassets */; };
		B5779FB924FD5CE500477823 /* Constants.swift in Sources */ = {isa = PBXBuildFile; fileRef = B5779FB824FD5CE500477823 /* Constants.swift */; };
		B5779FBF24FD7B3A00477823 /* ProductsViewController.swift in Sources */ = {isa = PBXBuildFile; fileRef = B5779FBD24FD7B3A00477823 /* ProductsViewController.swift */; };
		B5779FC024FD7B3A00477823 /* ProductsViewController.xib in Resources */ = {isa = PBXBuildFile; fileRef = B5779FBE24FD7B3A00477823 /* ProductsViewController.xib */; };
		B57B837B24FD93C90012AEB3 /* UITextField+Extensions.swift in Sources */ = {isa = PBXBuildFile; fileRef = B57B837A24FD93C90012AEB3 /* UITextField+Extensions.swift */; };
		B57B837E24FD96660012AEB3 /* ProductCell.swift in Sources */ = {isa = PBXBuildFile; fileRef = B57B837C24FD96660012AEB3 /* ProductCell.swift */; };
		B57B837F24FD96660012AEB3 /* ProductCell.xib in Resources */ = {isa = PBXBuildFile; fileRef = B57B837D24FD96660012AEB3 /* ProductCell.xib */; };
		B57B838224FD9DD40012AEB3 /* ImageViewController.swift in Sources */ = {isa = PBXBuildFile; fileRef = B57B838124FD9DD40012AEB3 /* ImageViewController.swift */; };
		B5915C45250174E9005F49DD /* GoogleService-Info.plist in Resources */ = {isa = PBXBuildFile; fileRef = B5915C44250174E9005F49DD /* GoogleService-Info.plist */; };
		B5915C4825018355005F49DD /* RegisterScreen.swift in Sources */ = {isa = PBXBuildFile; fileRef = B5915C4725018354005F49DD /* RegisterScreen.swift */; };
		B5915C4B25019220005F49DD /* NetworkManager.swift in Sources */ = {isa = PBXBuildFile; fileRef = B5915C4A25019220005F49DD /* NetworkManager.swift */; };
		B5915C4D25019853005F49DD /* ProductsData.swift in Sources */ = {isa = PBXBuildFile; fileRef = B5915C4C25019853005F49DD /* ProductsData.swift */; };
		B5915C5125019FF1005F49DD /* ProductModel.swift in Sources */ = {isa = PBXBuildFile; fileRef = B5915C5025019FF1005F49DD /* ProductModel.swift */; };
		B5C1403D2503BBDC00FBA67A /* ProductModelCreator.swift in Sources */ = {isa = PBXBuildFile; fileRef = B5C1403C2503BBDC00FBA67A /* ProductModelCreator.swift */; };
		B5C1404925043E3D00FBA67A /* UITableViewCell+Extensions.swift in Sources */ = {isa = PBXBuildFile; fileRef = B5C1404825043E3D00FBA67A /* UITableViewCell+Extensions.swift */; };
/* End PBXBuildFile section */

/* Begin PBXFileReference section */
		0E0DA14F30209547B97B6F27 /* Pods-RiverIsland.debug.xcconfig */ = {isa = PBXFileReference; includeInIndex = 1; lastKnownFileType = text.xcconfig; name = "Pods-RiverIsland.debug.xcconfig"; path = "Target Support Files/Pods-RiverIsland/Pods-RiverIsland.debug.xcconfig"; sourceTree = "<group>"; };
		AED160BDBE660DBA66AF57D4 /* Pods_RiverIsland.framework */ = {isa = PBXFileReference; explicitFileType = wrapper.framework; includeInIndex = 0; path = Pods_RiverIsland.framework; sourceTree = BUILT_PRODUCTS_DIR; };
		B5779F7924FD34C500477823 /* River Island.app */ = {isa = PBXFileReference; explicitFileType = wrapper.application; includeInIndex = 0; path = "River Island.app"; sourceTree = BUILT_PRODUCTS_DIR; };
		B5779F7C24FD34C500477823 /* AppDelegate.swift */ = {isa = PBXFileReference; lastKnownFileType = sourcecode.swift; path = AppDelegate.swift; sourceTree = "<group>"; };
		B5779F7E24FD34C500477823 /* SceneDelegate.swift */ = {isa = PBXFileReference; lastKnownFileType = sourcecode.swift; path = SceneDelegate.swift; sourceTree = "<group>"; };
		B5779F8024FD34C500477823 /* ViewController.swift */ = {isa = PBXFileReference; lastKnownFileType = sourcecode.swift; path = ViewController.swift; sourceTree = "<group>"; };
		B5779F8324FD34C500477823 /* Base */ = {isa = PBXFileReference; lastKnownFileType = file.storyboard; name = Base; path = Base.lproj/Main.storyboard; sourceTree = "<group>"; };
		B5779F8824FD34C800477823 /* Base */ = {isa = PBXFileReference; lastKnownFileType = file.storyboard; name = Base; path = Base.lproj/LaunchScreen.storyboard; sourceTree = "<group>"; };
		B5779F8A24FD34C800477823 /* Info.plist */ = {isa = PBXFileReference; lastKnownFileType = text.plist.xml; path = Info.plist; sourceTree = "<group>"; };
		B5779FAD24FD350D00477823 /* LoginScreen.swift */ = {isa = PBXFileReference; lastKnownFileType = sourcecode.swift; path = LoginScreen.swift; sourceTree = "<group>"; };
		B5779FB024FD388300477823 /* UIVIew+Extensions.swift */ = {isa = PBXFileReference; fileEncoding = 4; lastKnownFileType = sourcecode.swift; path = "UIVIew+Extensions.swift"; sourceTree = "<group>"; };
		B5779FB424FD415400477823 /* Assets.xcassets */ = {isa = PBXFileReference; lastKnownFileType = folder.assetcatalog; path = Assets.xcassets; sourceTree = "<group>"; };
		B5779FB824FD5CE500477823 /* Constants.swift */ = {isa = PBXFileReference; lastKnownFileType = sourcecode.swift; path = Constants.swift; sourceTree = "<group>"; };
		B5779FBD24FD7B3A00477823 /* ProductsViewController.swift */ = {isa = PBXFileReference; lastKnownFileType = sourcecode.swift; path = ProductsViewController.swift; sourceTree = "<group>"; };
		B5779FBE24FD7B3A00477823 /* ProductsViewController.xib */ = {isa = PBXFileReference; lastKnownFileType = file.xib; path = ProductsViewController.xib; sourceTree = "<group>"; };
		B57B837A24FD93C90012AEB3 /* UITextField+Extensions.swift */ = {isa = PBXFileReference; lastKnownFileType = sourcecode.swift; path = "UITextField+Extensions.swift"; sourceTree = "<group>"; };
		B57B837C24FD96660012AEB3 /* ProductCell.swift */ = {isa = PBXFileReference; lastKnownFileType = sourcecode.swift; path = ProductCell.swift; sourceTree = "<group>"; };
		B57B837D24FD96660012AEB3 /* ProductCell.xib */ = {isa = PBXFileReference; lastKnownFileType = file.xib; path = ProductCell.xib; sourceTree = "<group>"; };
		B57B838124FD9DD40012AEB3 /* ImageViewController.swift */ = {isa = PBXFileReference; lastKnownFileType = sourcecode.swift; path = ImageViewController.swift; sourceTree = "<group>"; };
		B5915C44250174E9005F49DD /* GoogleService-Info.plist */ = {isa = PBXFileReference; fileEncoding = 4; lastKnownFileType = text.plist.xml; path = "GoogleService-Info.plist"; sourceTree = "<group>"; };
		B5915C4725018354005F49DD /* RegisterScreen.swift */ = {isa = PBXFileReference; lastKnownFileType = sourcecode.swift; path = RegisterScreen.swift; sourceTree = "<group>"; };
		B5915C4A25019220005F49DD /* NetworkManager.swift */ = {isa = PBXFileReference; lastKnownFileType = sourcecode.swift; path = NetworkManager.swift; sourceTree = "<group>"; };
		B5915C4C25019853005F49DD /* ProductsData.swift */ = {isa = PBXFileReference; lastKnownFileType = sourcecode.swift; path = ProductsData.swift; sourceTree = "<group>"; };
		B5915C5025019FF1005F49DD /* ProductModel.swift */ = {isa = PBXFileReference; lastKnownFileType = sourcecode.swift; path = ProductModel.swift; sourceTree = "<group>"; };
		B5C1403C2503BBDC00FBA67A /* ProductModelCreator.swift */ = {isa = PBXFileReference; lastKnownFileType = sourcecode.swift; path = ProductModelCreator.swift; sourceTree = "<group>"; };
		B5C1404825043E3D00FBA67A /* UITableViewCell+Extensions.swift */ = {isa = PBXFileReference; fileEncoding = 4; lastKnownFileType = sourcecode.swift; path = "UITableViewCell+Extensions.swift"; sourceTree = "<group>"; };
		ED50B179BCD621121A5EED05 /* Pods-RiverIsland.release.xcconfig */ = {isa = PBXFileReference; includeInIndex = 1; lastKnownFileType = text.xcconfig; name = "Pods-RiverIsland.release.xcconfig"; path = "Target Support Files/Pods-RiverIsland/Pods-RiverIsland.release.xcconfig"; sourceTree = "<group>"; };
/* End PBXFileReference section */

/* Begin PBXFrameworksBuildPhase section */
		B5779F7624FD34C500477823 /* Frameworks */ = {
			isa = PBXFrameworksBuildPhase;
			buildActionMask = 2147483647;
			files = (
				65D8C1CE126ACCAC6D301F2F /* Pods_RiverIsland.framework in Frameworks */,
			);
			runOnlyForDeploymentPostprocessing = 0;
		};
/* End PBXFrameworksBuildPhase section */

/* Begin PBXGroup section */
		467AA9B8E7B9B342A7BB7D19 /* Pods */ = {
			isa = PBXGroup;
			children = (
				0E0DA14F30209547B97B6F27 /* Pods-RiverIsland.debug.xcconfig */,
				ED50B179BCD621121A5EED05 /* Pods-RiverIsland.release.xcconfig */,
			);
			path = Pods;
			sourceTree = "<group>";
		};
		A18217EA6F782E20043E5A27 /* Frameworks */ = {
			isa = PBXGroup;
			children = (
				AED160BDBE660DBA66AF57D4 /* Pods_RiverIsland.framework */,
			);
			name = Frameworks;
			sourceTree = "<group>";
		};
		B5779F7024FD34C400477823 = {
			isa = PBXGroup;
			children = (
				B5779F7B24FD34C500477823 /* RiverIsland */,
				B5779F7A24FD34C500477823 /* Products */,
				467AA9B8E7B9B342A7BB7D19 /* Pods */,
				A18217EA6F782E20043E5A27 /* Frameworks */,
			);
			sourceTree = "<group>";
		};
		B5779F7A24FD34C500477823 /* Products */ = {
			isa = PBXGroup;
			children = (
				B5779F7924FD34C500477823 /* River Island.app */,
			);
			name = Products;
			sourceTree = "<group>";
		};
		B5779F7B24FD34C500477823 /* RiverIsland */ = {
			isa = PBXGroup;
			children = (
				B5915C4A25019220005F49DD /* NetworkManager.swift */,
				B5779FB824FD5CE500477823 /* Constants.swift */,
				B5915C4625018311005F49DD /* RegisterScreen */,
				B5779FAC24FD34E500477823 /* LoginScreen */,
				B5779FBC24FD7B1F00477823 /* MainScreen */,
				B57B838024FD9DA30012AEB3 /* ImageScreen */,
				B5915C492501920D005F49DD /* Models */,
				B5779FAF24FD387100477823 /* Extensions */,
				B5779F7C24FD34C500477823 /* AppDelegate.swift */,
				B5779F7E24FD34C500477823 /* SceneDelegate.swift */,
				B5779F8024FD34C500477823 /* ViewController.swift */,
				B5779F8724FD34C800477823 /* LaunchScreen.storyboard */,
				B5779FB424FD415400477823 /* Assets.xcassets */,
				B5779F8224FD34C500477823 /* Main.storyboard */,
				B5779F8A24FD34C800477823 /* Info.plist */,
				B5915C44250174E9005F49DD /* GoogleService-Info.plist */,
			);
			path = RiverIsland;
			sourceTree = "<group>";
		};
		B5779FAC24FD34E500477823 /* LoginScreen */ = {
			isa = PBXGroup;
			children = (
				B5779FAD24FD350D00477823 /* LoginScreen.swift */,
			);
			path = LoginScreen;
			sourceTree = "<group>";
		};
		B5779FAF24FD387100477823 /* Extensions */ = {
			isa = PBXGroup;
			children = (
				B5779FB024FD388300477823 /* UIVIew+Extensions.swift */,
				B57B837A24FD93C90012AEB3 /* UITextField+Extensions.swift */,
				B5C1404825043E3D00FBA67A /* UITableViewCell+Extensions.swift */,
			);
			path = Extensions;
			sourceTree = "<group>";
		};
		B5779FBC24FD7B1F00477823 /* MainScreen */ = {
			isa = PBXGroup;
			children = (
				B5779FBD24FD7B3A00477823 /* ProductsViewController.swift */,
				B5779FBE24FD7B3A00477823 /* ProductsViewController.xib */,
				B57B837C24FD96660012AEB3 /* ProductCell.swift */,
				B57B837D24FD96660012AEB3 /* ProductCell.xib */,
			);
			path = MainScreen;
			sourceTree = "<group>";
		};
		B57B838024FD9DA30012AEB3 /* ImageScreen */ = {
			isa = PBXGroup;
			children = (
				B57B838124FD9DD40012AEB3 /* ImageViewController.swift */,
			);
			path = ImageScreen;
			sourceTree = "<group>";
		};
		B5915C4625018311005F49DD /* RegisterScreen */ = {
			isa = PBXGroup;
			children = (
				B5915C4725018354005F49DD /* RegisterScreen.swift */,
			);
			path = RegisterScreen;
			sourceTree = "<group>";
		};
		B5915C492501920D005F49DD /* Models */ = {
			isa = PBXGroup;
			children = (
				B5915C4C25019853005F49DD /* ProductsData.swift */,
				B5915C5025019FF1005F49DD /* ProductModel.swift */,
				B5C1403C2503BBDC00FBA67A /* ProductModelCreator.swift */,
			);
			name = Models;
			path = ..;
			sourceTree = "<group>";
		};
/* End PBXGroup section */

/* Begin PBXNativeTarget section */
		B5779F7824FD34C500477823 /* RiverIsland */ = {
			isa = PBXNativeTarget;
			buildConfigurationList = B5779FA324FD34C900477823 /* Build configuration list for PBXNativeTarget "RiverIsland" */;
			buildPhases = (
				4549E6E559DCD39DD9082C8C /* [CP] Check Pods Manifest.lock */,
				B5779F7524FD34C500477823 /* Sources */,
				B5779F7624FD34C500477823 /* Frameworks */,
				B5779F7724FD34C500477823 /* Resources */,
				5CA465F0B5DCDCC71D29F26A /* [CP] Embed Pods Frameworks */,
			);
			buildRules = (
			);
			dependencies = (
			);
			name = RiverIsland;
			productName = RiverIsland;
			productReference = B5779F7924FD34C500477823 /* River Island.app */;
			productType = "com.apple.product-type.application";
		};
/* End PBXNativeTarget section */

/* Begin PBXProject section */
		B5779F7124FD34C400477823 /* Project object */ = {
			isa = PBXProject;
			attributes = {
				LastSwiftUpdateCheck = 1160;
				LastUpgradeCheck = 1160;
				ORGANIZATIONNAME = "Anna Sibirtseva";
				TargetAttributes = {
					B5779F7824FD34C500477823 = {
						CreatedOnToolsVersion = 11.6;
					};
				};
			};
			buildConfigurationList = B5779F7424FD34C400477823 /* Build configuration list for PBXProject "RiverIsland" */;
			compatibilityVersion = "Xcode 9.3";
			developmentRegion = en;
			hasScannedForEncodings = 0;
			knownRegions = (
				en,
				Base,
			);
			mainGroup = B5779F7024FD34C400477823;
			productRefGroup = B5779F7A24FD34C500477823 /* Products */;
			projectDirPath = "";
			projectRoot = "";
			targets = (
				B5779F7824FD34C500477823 /* RiverIsland */,
			);
		};
/* End PBXProject section */

/* Begin PBXResourcesBuildPhase section */
		B5779F7724FD34C500477823 /* Resources */ = {
			isa = PBXResourcesBuildPhase;
			buildActionMask = 2147483647;
			files = (
				B5779F8924FD34C800477823 /* LaunchScreen.storyboard in Resources */,
				B5779FB524FD415400477823 /* Assets.xcassets in Resources */,
				B5779F8424FD34C500477823 /* Main.storyboard in Resources */,
				B5779FC024FD7B3A00477823 /* ProductsViewController.xib in Resources */,
				B57B837F24FD96660012AEB3 /* ProductCell.xib in Resources */,
				B5915C45250174E9005F49DD /* GoogleService-Info.plist in Resources */,
			);
			runOnlyForDeploymentPostprocessing = 0;
		};
/* End PBXResourcesBuildPhase section */

/* Begin PBXShellScriptBuildPhase section */
		4549E6E559DCD39DD9082C8C /* [CP] Check Pods Manifest.lock */ = {
			isa = PBXShellScriptBuildPhase;
			buildActionMask = 2147483647;
			files = (
			);
			inputFileListPaths = (
			);
			inputPaths = (
				"${PODS_PODFILE_DIR_PATH}/Podfile.lock",
				"${PODS_ROOT}/Manifest.lock",
			);
			name = "[CP] Check Pods Manifest.lock";
			outputFileListPaths = (
			);
			outputPaths = (
				"$(DERIVED_FILE_DIR)/Pods-RiverIsland-checkManifestLockResult.txt",
			);
			runOnlyForDeploymentPostprocessing = 0;
			shellPath = /bin/sh;
			shellScript = "diff \"${PODS_PODFILE_DIR_PATH}/Podfile.lock\" \"${PODS_ROOT}/Manifest.lock\" > /dev/null\nif [ $? != 0 ] ; then\n    # print error to STDERR\n    echo \"error: The sandbox is not in sync with the Podfile.lock. Run 'pod install' or update your CocoaPods installation.\" >&2\n    exit 1\nfi\n# This output is used by Xcode 'outputs' to avoid re-running this script phase.\necho \"SUCCESS\" > \"${SCRIPT_OUTPUT_FILE_0}\"\n";
			showEnvVarsInLog = 0;
		};
		5CA465F0B5DCDCC71D29F26A /* [CP] Embed Pods Frameworks */ = {
			isa = PBXShellScriptBuildPhase;
			buildActionMask = 2147483647;
			files = (
			);
			inputFileListPaths = (
				"${PODS_ROOT}/Target Support Files/Pods-RiverIsland/Pods-RiverIsland-frameworks-${CONFIGURATION}-input-files.xcfilelist",
			);
			name = "[CP] Embed Pods Frameworks";
			outputFileListPaths = (
				"${PODS_ROOT}/Target Support Files/Pods-RiverIsland/Pods-RiverIsland-frameworks-${CONFIGURATION}-output-files.xcfilelist",
			);
			runOnlyForDeploymentPostprocessing = 0;
			shellPath = /bin/sh;
			shellScript = "\"${PODS_ROOT}/Target Support Files/Pods-RiverIsland/Pods-RiverIsland-frameworks.sh\"\n";
			showEnvVarsInLog = 0;
		};
/* End PBXShellScriptBuildPhase section */

/* Begin PBXSourcesBuildPhase section */
		B5779F7524FD34C500477823 /* Sources */ = {
			isa = PBXSourcesBuildPhase;
			buildActionMask = 2147483647;
			files = (
				B5915C4825018355005F49DD /* RegisterScreen.swift in Sources */,
				B57B837E24FD96660012AEB3 /* ProductCell.swift in Sources */,
				B5915C4B25019220005F49DD /* NetworkManager.swift in Sources */,
				B5779FBF24FD7B3A00477823 /* ProductsViewController.swift in Sources */,
				B57B838224FD9DD40012AEB3 /* ImageViewController.swift in Sources */,
				B5915C5125019FF1005F49DD /* ProductModel.swift in Sources */,
				B57B837B24FD93C90012AEB3 /* UITextField+Extensions.swift in Sources */,
				B5915C4D25019853005F49DD /* ProductsData.swift in Sources */,
				B5C1403D2503BBDC00FBA67A /* ProductModelCreator.swift in Sources */,
				B5779F8124FD34C500477823 /* ViewController.swift in Sources */,
				B5779FB124FD388300477823 /* UIVIew+Extensions.swift in Sources */,
				B5779FAE24FD350D00477823 /* LoginScreen.swift in Sources */,
				B5779F7D24FD34C500477823 /* AppDelegate.swift in Sources */,
				B5779F7F24FD34C500477823 /* SceneDelegate.swift in Sources */,
				B5C1404925043E3D00FBA67A /* UITableViewCell+Extensions.swift in Sources */,
				B5779FB924FD5CE500477823 /* Constants.swift in Sources */,
			);
			runOnlyForDeploymentPostprocessing = 0;
		};
/* End PBXSourcesBuildPhase section */

/* Begin PBXVariantGroup section */
		B5779F8224FD34C500477823 /* Main.storyboard */ = {
			isa = PBXVariantGroup;
			children = (
				B5779F8324FD34C500477823 /* Base */,
			);
			name = Main.storyboard;
			sourceTree = "<group>";
		};
		B5779F8724FD34C800477823 /* LaunchScreen.storyboard */ = {
			isa = PBXVariantGroup;
			children = (
				B5779F8824FD34C800477823 /* Base */,
			);
			name = LaunchScreen.storyboard;
			sourceTree = "<group>";
		};
/* End PBXVariantGroup section */

/* Begin XCBuildConfiguration section */
		B5779FA124FD34C900477823 /* Debug */ = {
			isa = XCBuildConfiguration;
			buildSettings = {
				ALWAYS_SEARCH_USER_PATHS = NO;
				CLANG_ANALYZER_NONNULL = YES;
				CLANG_ANALYZER_NUMBER_OBJECT_CONVERSION = YES_AGGRESSIVE;
				CLANG_CXX_LANGUAGE_STANDARD = "gnu++14";
				CLANG_CXX_LIBRARY = "libc++";
				CLANG_ENABLE_MODULES = YES;
				CLANG_ENABLE_OBJC_ARC = YES;
				CLANG_ENABLE_OBJC_WEAK = YES;
				CLANG_WARN_BLOCK_CAPTURE_AUTORELEASING = YES;
				CLANG_WARN_BOOL_CONVERSION = YES;
				CLANG_WARN_COMMA = YES;
				CLANG_WARN_CONSTANT_CONVERSION = YES;
				CLANG_WARN_DEPRECATED_OBJC_IMPLEMENTATIONS = YES;
				CLANG_WARN_DIRECT_OBJC_ISA_USAGE = YES_ERROR;
				CLANG_WARN_DOCUMENTATION_COMMENTS = YES;
				CLANG_WARN_EMPTY_BODY = YES;
				CLANG_WARN_ENUM_CONVERSION = YES;
				CLANG_WARN_INFINITE_RECURSION = YES;
				CLANG_WARN_INT_CONVERSION = YES;
				CLANG_WARN_NON_LITERAL_NULL_CONVERSION = YES;
				CLANG_WARN_OBJC_IMPLICIT_RETAIN_SELF = YES;
				CLANG_WARN_OBJC_LITERAL_CONVERSION = YES;
				CLANG_WARN_OBJC_ROOT_CLASS = YES_ERROR;
				CLANG_WARN_RANGE_LOOP_ANALYSIS = YES;
				CLANG_WARN_STRICT_PROTOTYPES = YES;
				CLANG_WARN_SUSPICIOUS_MOVE = YES;
				CLANG_WARN_UNGUARDED_AVAILABILITY = YES_AGGRESSIVE;
				CLANG_WARN_UNREACHABLE_CODE = YES;
				CLANG_WARN__DUPLICATE_METHOD_MATCH = YES;
				COPY_PHASE_STRIP = NO;
				DEBUG_INFORMATION_FORMAT = dwarf;
				ENABLE_STRICT_OBJC_MSGSEND = YES;
				ENABLE_TESTABILITY = YES;
				GCC_C_LANGUAGE_STANDARD = gnu11;
				GCC_DYNAMIC_NO_PIC = NO;
				GCC_NO_COMMON_BLOCKS = YES;
				GCC_OPTIMIZATION_LEVEL = 0;
				GCC_PREPROCESSOR_DEFINITIONS = (
					"DEBUG=1",
					"$(inherited)",
				);
				GCC_WARN_64_TO_32_BIT_CONVERSION = YES;
				GCC_WARN_ABOUT_RETURN_TYPE = YES_ERROR;
				GCC_WARN_UNDECLARED_SELECTOR = YES;
				GCC_WARN_UNINITIALIZED_AUTOS = YES_AGGRESSIVE;
				GCC_WARN_UNUSED_FUNCTION = YES;
				GCC_WARN_UNUSED_VARIABLE = YES;
				IPHONEOS_DEPLOYMENT_TARGET = 13.6;
				MTL_ENABLE_DEBUG_INFO = INCLUDE_SOURCE;
				MTL_FAST_MATH = YES;
				ONLY_ACTIVE_ARCH = YES;
				SDKROOT = iphoneos;
				SWIFT_ACTIVE_COMPILATION_CONDITIONS = DEBUG;
				SWIFT_OPTIMIZATION_LEVEL = "-Onone";
			};
			name = Debug;
		};
		B5779FA224FD34C900477823 /* Release */ = {
			isa = XCBuildConfiguration;
			buildSettings = {
				ALWAYS_SEARCH_USER_PATHS = NO;
				CLANG_ANALYZER_NONNULL = YES;
				CLANG_ANALYZER_NUMBER_OBJECT_CONVERSION = YES_AGGRESSIVE;
				CLANG_CXX_LANGUAGE_STANDARD = "gnu++14";
				CLANG_CXX_LIBRARY = "libc++";
				CLANG_ENABLE_MODULES = YES;
				CLANG_ENABLE_OBJC_ARC = YES;
				CLANG_ENABLE_OBJC_WEAK = YES;
				CLANG_WARN_BLOCK_CAPTURE_AUTORELEASING = YES;
				CLANG_WARN_BOOL_CONVERSION = YES;
				CLANG_WARN_COMMA = YES;
				CLANG_WARN_CONSTANT_CONVERSION = YES;
				CLANG_WARN_DEPRECATED_OBJC_IMPLEMENTATIONS = YES;
				CLANG_WARN_DIRECT_OBJC_ISA_USAGE = YES_ERROR;
				CLANG_WARN_DOCUMENTATION_COMMENTS = YES;
				CLANG_WARN_EMPTY_BODY = YES;
				CLANG_WARN_ENUM_CONVERSION = YES;
				CLANG_WARN_INFINITE_RECURSION = YES;
				CLANG_WARN_INT_CONVERSION = YES;
				CLANG_WARN_NON_LITERAL_NULL_CONVERSION = YES;
				CLANG_WARN_OBJC_IMPLICIT_RETAIN_SELF = YES;
				CLANG_WARN_OBJC_LITERAL_CONVERSION = YES;
				CLANG_WARN_OBJC_ROOT_CLASS = YES_ERROR;
				CLANG_WARN_RANGE_LOOP_ANALYSIS = YES;
				CLANG_WARN_STRICT_PROTOTYPES = YES;
				CLANG_WARN_SUSPICIOUS_MOVE = YES;
				CLANG_WARN_UNGUARDED_AVAILABILITY = YES_AGGRESSIVE;
				CLANG_WARN_UNREACHABLE_CODE = YES;
				CLANG_WARN__DUPLICATE_METHOD_MATCH = YES;
				COPY_PHASE_STRIP = NO;
				DEBUG_INFORMATION_FORMAT = "dwarf-with-dsym";
				ENABLE_NS_ASSERTIONS = NO;
				ENABLE_STRICT_OBJC_MSGSEND = YES;
				GCC_C_LANGUAGE_STANDARD = gnu11;
				GCC_NO_COMMON_BLOCKS = YES;
				GCC_WARN_64_TO_32_BIT_CONVERSION = YES;
				GCC_WARN_ABOUT_RETURN_TYPE = YES_ERROR;
				GCC_WARN_UNDECLARED_SELECTOR = YES;
				GCC_WARN_UNINITIALIZED_AUTOS = YES_AGGRESSIVE;
				GCC_WARN_UNUSED_FUNCTION = YES;
				GCC_WARN_UNUSED_VARIABLE = YES;
				IPHONEOS_DEPLOYMENT_TARGET = 13.6;
				MTL_ENABLE_DEBUG_INFO = NO;
				MTL_FAST_MATH = YES;
				SDKROOT = iphoneos;
				SWIFT_COMPILATION_MODE = wholemodule;
				SWIFT_OPTIMIZATION_LEVEL = "-O";
				VALIDATE_PRODUCT = YES;
			};
			name = Release;
		};
		B5779FA424FD34C900477823 /* Debug */ = {
			isa = XCBuildConfiguration;
			baseConfigurationReference = 0E0DA14F30209547B97B6F27 /* Pods-RiverIsland.debug.xcconfig */;
			buildSettings = {
				ASSETCATALOG_COMPILER_APPICON_NAME = AppIcon;
				CODE_SIGN_STYLE = Automatic;
				DEVELOPMENT_TEAM = 96SDQ92SXN;
				INFOPLIST_FILE = RiverIsland/Info.plist;
				LD_RUNPATH_SEARCH_PATHS = (
					"$(inherited)",
					"@executable_path/Frameworks",
				);
				PRODUCT_BUNDLE_IDENTIFIER = com.annasteel.RiverIsland;
				PRODUCT_NAME = "River Island";
				SWIFT_VERSION = 5.0;
				TARGETED_DEVICE_FAMILY = "1,2";
			};
			name = Debug;
		};
		B5779FA524FD34C900477823 /* Release */ = {
			isa = XCBuildConfiguration;
			baseConfigurationReference = ED50B179BCD621121A5EED05 /* Pods-RiverIsland.release.xcconfig */;
			buildSettings = {
				ASSETCATALOG_COMPILER_APPICON_NAME = AppIcon;
				CODE_SIGN_STYLE = Automatic;
				DEVELOPMENT_TEAM = 96SDQ92SXN;
				INFOPLIST_FILE = RiverIsland/Info.plist;
				LD_RUNPATH_SEARCH_PATHS = (
					"$(inherited)",
					"@executable_path/Frameworks",
				);
				PRODUCT_BUNDLE_IDENTIFIER = com.annasteel.RiverIsland;
				PRODUCT_NAME = "River Island";
				SWIFT_VERSION = 5.0;
				TARGETED_DEVICE_FAMILY = "1,2";
			};
			name = Release;
		};
/* End XCBuildConfiguration section */

/* Begin XCConfigurationList section */
		B5779F7424FD34C400477823 /* Build configuration list for PBXProject "RiverIsland" */ = {
			isa = XCConfigurationList;
			buildConfigurations = (
				B5779FA124FD34C900477823 /* Debug */,
				B5779FA224FD34C900477823 /* Release */,
			);
			defaultConfigurationIsVisible = 0;
			defaultConfigurationName = Release;
		};
		B5779FA324FD34C900477823 /* Build configuration list for PBXNativeTarget "RiverIsland" */ = {
			isa = XCConfigurationList;
			buildConfigurations = (
				B5779FA424FD34C900477823 /* Debug */,
				B5779FA524FD34C900477823 /* Release */,
			);
			defaultConfigurationIsVisible = 0;
			defaultConfigurationName = Release;
		};
/* End XCConfigurationList section */
	};
	rootObject = B5779F7124FD34C400477823 /* Project object */;
}
